
Microsoft Visual Studio Solution File, Format Version 12.00
# Visual Studio Version 17
VisualStudioVersion = 17.14.36603.0 d17.14
MinimumVisualStudioVersion = 10.0.40219.1
Project("{FAE04EC0-301F-11D3-BF4B-00C04F79EFBC}") = "GeorgeShop.PL", "GeorgeShop.PL\GeorgeShop.PL.csproj", "{311F31C5-762F-4A89-B287-89B5C1E303D5}"
EndProject
Project("{FAE04EC0-301F-11D3-BF4B-00C04F79EFBC}") = "GeorgeShop.BLL", "GeorgeShop.BLL\GeorgeShop.BLL.csproj", "{5AAE0C02-32FB-4C74-9FDD-6317A5007ACC}"
EndProject
Project("{FAE04EC0-301F-11D3-BF4B-00C04F79EFBC}") = "GeorgeShop.DAL", "GeorgeShop.DAL\GeorgeShop.DAL.csproj", "{DC89167A-B652-43B4-9B68-09EBED85D040}"
EndProject
Global
	GlobalSection(SolutionConfigurationPlatforms) = preSolution
		Debug|Any CPU = Debug|Any CPU
		Release|Any CPU = Release|Any CPU
	EndGlobalSection
	GlobalSection(ProjectConfigurationPlatforms) = postSolution
		{311F31C5-762F-4A89-B287-89B5C1E303D5}.Debug|Any CPU.ActiveCfg = Debug|Any CPU
		{311F31C5-762F-4A89-B287-89B5C1E303D5}.Debug|Any CPU.Build.0 = Debug|Any CPU
		{311F31C5-762F-4A89-B287-89B5C1E303D5}.Release|Any CPU.ActiveCfg = Release|Any CPU
		{311F31C5-762F-4A89-B287-89B5C1E303D5}.Release|Any CPU.Build.0 = Release|Any CPU
		{5AAE0C02-32FB-4C74-9FDD-6317A5007ACC}.Debug|Any CPU.ActiveCfg = Debug|Any CPU
		{5AAE0C02-32FB-4C74-9FDD-6317A5007ACC}.Debug|Any CPU.Build.0 = Debug|Any CPU
		{5AAE0C02-32FB-4C74-9FDD-6317A5007ACC}.Release|Any CPU.ActiveCfg = Release|Any CPU
		{5AAE0C02-32FB-4C74-9FDD-6317A5007ACC}.Release|Any CPU.Build.0 = Release|Any CPU
		{DC89167A-B652-43B4-9B68-09EBED85D040}.Debug|Any CPU.ActiveCfg = Debug|Any CPU
		{DC89167A-B652-43B4-9B68-09EBED85D040}.Debug|Any CPU.Build.0 = Debug|Any CPU
		{DC89167A-B652-43B4-9B68-09EBED85D040}.Release|Any CPU.ActiveCfg = Release|Any CPU
		{DC89167A-B652-43B4-9B68-09EBED85D040}.Release|Any CPU.Build.0 = Release|Any CPU
	EndGlobalSection
	GlobalSection(SolutionProperties) = preSolution
		HideSolutionNode = FALSE
	EndGlobalSection
	GlobalSection(ExtensibilityGlobals) = postSolution
		SolutionGuid = {9F4A36D4-B4AB-4E63-BDBB-6A1B06F93FAE}
	EndGlobalSection
EndGlobal
